<?xml version="1.0" encoding="utf-8"?>
<Project ToolsVersion="4.0" xmlns="http://schemas.microsoft.com/developer/msbuild/2003">
  <ItemGroup>
    <ClInclude Include="Hooks\Hooks.hpp" />
    <ClInclude Include="SDK\Utils\LazyImporter\LazyImporter.hpp" />
    <ClInclude Include="SDK\Wrapper\Il2CPP\IL2CPP.hpp" />
    <ClInclude Include="SDK\Utils\CRT\CRT.hpp" />
    <ClInclude Include="SDK\Utils\Console\Console.hpp" />
    <ClInclude Include="SDK\Libraries\MinHook\hde\hde32.h" />
    <ClInclude Include="SDK\Libraries\MinHook\hde\hde64.h" />
    <ClInclude Include="SDK\Libraries\MinHook\hde\pstdint.h" />
    <ClInclude Include="SDK\Libraries\MinHook\hde\table32.h" />
    <ClInclude Include="SDK\Libraries\MinHook\hde\table64.h" />
    <ClInclude Include="SDK\Libraries\MinHook\buffer.h" />
    <ClInclude Include="SDK\Libraries\MinHook\MinHook.h" />
    <ClInclude Include="SDK\Libraries\MinHook\trampoline.h" />
    <ClInclude Include="SDK\Game\Unity\UnityEngine.hpp" />
    <ClInclude Include="SDK\Game\SDK.hpp" />
  </ItemGroup>
  <ItemGroup>
    <ClCompile Include="dllmain.cpp" />
    <ClCompile Include="Hooks\Hooks.cpp" />
    <ClCompile Include="SDK\Utils\CRT\CRT.cpp" />
    <ClCompile Include="SDK\Utils\Console\Console.cpp" />
    <ClCompile Include="SDK\Libraries\MinHook\hde\hde32.c" />
    <ClCompile Include="SDK\Libraries\MinHook\hde\hde64.c" />
    <ClCompile Include="SDK\Libraries\MinHook\buffer.c" />
    <ClCompile Include="SDK\Libraries\MinHook\hook.c" />
    <ClCompile Include="SDK\Libraries\MinHook\trampoline.c" />
    <ClCompile Include="Hooks\Methods\BasePlayer.cpp" />
  </ItemGroup>
</Project>